{
  "requires": true,
  "lockfileVersion": 1,
  "dependencies": {
    "angular-route": {
      "version": "1.8.0",
      "resolved": "https://registry.npmjs.org/angular-route/-/angular-route-1.8.0.tgz",
      "integrity": "sha512-ORvXAdVfCCA6XFwyjSkVQFFGufj0mNGiCvBR93Qsii8+7t/6Ioy6wheUoCj1x4NWUv7hAq3nYYGCVO6QEKb1BQ=="
    }
  }
}
